// !$*UTF8*$!
{
	archiveVersion = 1;
	classes = {
	};
	objectVersion = 46;
	objects = {

/* Begin PBXBuildFile section */
		90728B911B768E700036A6E0 /* UdacityConstants.swift in Sources */ = {isa = PBXBuildFile; fileRef = 90728B901B768E700036A6E0 /* UdacityConstants.swift */; };
		90A170381B7C365000E2D237 /* TableViewController.swift in Sources */ = {isa = PBXBuildFile; fileRef = 90A170371B7C365000E2D237 /* TableViewController.swift */; };
		90A1703A1B7C456B00E2D237 /* TabBarViewController.swift in Sources */ = {isa = PBXBuildFile; fileRef = 90A170391B7C456B00E2D237 /* TabBarViewController.swift */; };
		90C1ED701B76D79200C8B10C /* MapKit.framework in Frameworks */ = {isa = PBXBuildFile; fileRef = 90C1ED6F1B76D79200C8B10C /* MapKit.framework */; };
		90C1ED721B76D9EE00C8B10C /* Student.swift in Sources */ = {isa = PBXBuildFile; fileRef = 90C1ED711B76D9EE00C8B10C /* Student.swift */; };
		90DE7D181B76AA7F00B32986 /* MapViewController.swift in Sources */ = {isa = PBXBuildFile; fileRef = 90DE7D171B76AA7F00B32986 /* MapViewController.swift */; };
		90E7BE321B75AA1F00765728 /* AppDelegate.swift in Sources */ = {isa = PBXBuildFile; fileRef = 90E7BE311B75AA1F00765728 /* AppDelegate.swift */; };
		90E7BE341B75AA1F00765728 /* LoginViewController.swift in Sources */ = {isa = PBXBuildFile; fileRef = 90E7BE331B75AA1F00765728 /* LoginViewController.swift */; };
		90E7BE371B75AA1F00765728 /* Main.storyboard in Resources */ = {isa = PBXBuildFile; fileRef = 90E7BE351B75AA1F00765728 /* Main.storyboard */; };
		90E7BE391B75AA1F00765728 /* Images.xcassets in Resources */ = {isa = PBXBuildFile; fileRef = 90E7BE381B75AA1F00765728 /* Images.xcassets */; };
		90E7BE3C1B75AA1F00765728 /* LaunchScreen.xib in Resources */ = {isa = PBXBuildFile; fileRef = 90E7BE3A1B75AA1F00765728 /* LaunchScreen.xib */; };
		90E7BE481B75AA1F00765728 /* OnTheMapTests.swift in Sources */ = {isa = PBXBuildFile; fileRef = 90E7BE471B75AA1F00765728 /* OnTheMapTests.swift */; };
		90E7BE551B75B0DD00765728 /* UdacityClient.swift in Sources */ = {isa = PBXBuildFile; fileRef = 90E7BE541B75B0DD00765728 /* UdacityClient.swift */; };
/* End PBXBuildFile section */

/* Begin PBXContainerItemProxy section */
		90E7BE421B75AA1F00765728 /* PBXContainerItemProxy */ = {
			isa = PBXContainerItemProxy;
			containerPortal = 90E7BE241B75AA1E00765728 /* Project object */;
			proxyType = 1;
			remoteGlobalIDString = 90E7BE2B1B75AA1E00765728;
			remoteInfo = OnTheMap;
		};
/* End PBXContainerItemProxy section */

/* Begin PBXFileReference section */
		90728B901B768E700036A6E0 /* UdacityConstants.swift */ = {isa = PBXFileReference; fileEncoding = 4; lastKnownFileType = sourcecode.swift; path = UdacityConstants.swift; sourceTree = "<group>"; };
		90A170371B7C365000E2D237 /* TableViewController.swift */ = {isa = PBXFileReference; fileEncoding = 4; lastKnownFileType = sourcecode.swift; path = TableViewController.swift; sourceTree = "<group>"; };
		90A170391B7C456B00E2D237 /* TabBarViewController.swift */ = {isa = PBXFileReference; fileEncoding = 4; lastKnownFileType = sourcecode.swift; path = TabBarViewController.swift; sourceTree = "<group>"; };
		90C1ED6F1B76D79200C8B10C /* MapKit.framework */ = {isa = PBXFileReference; lastKnownFileType = wrapper.framework; name = MapKit.framework; path = System/Library/Frameworks/MapKit.framework; sourceTree = SDKROOT; };
		90C1ED711B76D9EE00C8B10C /* Student.swift */ = {isa = PBXFileReference; fileEncoding = 4; lastKnownFileType = sourcecode.swift; path = Student.swift; sourceTree = "<group>"; };
		90DE7D171B76AA7F00B32986 /* MapViewController.swift */ = {isa = PBXFileReference; fileEncoding = 4; lastKnownFileType = sourcecode.swift; path = MapViewController.swift; sourceTree = "<group>"; };
		90E7BE2C1B75AA1E00765728 /* OnTheMap.app */ = {isa = PBXFileReference; explicitFileType = wrapper.application; includeInIndex = 0; path = OnTheMap.app; sourceTree = BUILT_PRODUCTS_DIR; };
		90E7BE301B75AA1F00765728 /* Info.plist */ = {isa = PBXFileReference; lastKnownFileType = text.plist.xml; path = Info.plist; sourceTree = "<group>"; };
		90E7BE311B75AA1F00765728 /* AppDelegate.swift */ = {isa = PBXFileReference; lastKnownFileType = sourcecode.swift; path = AppDelegate.swift; sourceTree = "<group>"; };
		90E7BE331B75AA1F00765728 /* LoginViewController.swift */ = {isa = PBXFileReference; lastKnownFileType = sourcecode.swift; path = LoginViewController.swift; sourceTree = "<group>"; };
		90E7BE361B75AA1F00765728 /* Base */ = {isa = PBXFileReference; lastKnownFileType = file.storyboard; name = Base; path = Base.lproj/Main.storyboard; sourceTree = "<group>"; };
		90E7BE381B75AA1F00765728 /* Images.xcassets */ = {isa = PBXFileReference; lastKnownFileType = folder.assetcatalog; path = Images.xcassets; sourceTree = "<group>"; };
		90E7BE3B1B75AA1F00765728 /* Base */ = {isa = PBXFileReference; lastKnownFileType = file.xib; name = Base; path = Base.lproj/LaunchScreen.xib; sourceTree = "<group>"; };
		90E7BE411B75AA1F00765728 /* OnTheMapTests.xctest */ = {isa = PBXFileReference; explicitFileType = wrapper.cfbundle; includeInIndex = 0; path = OnTheMapTests.xctest; sourceTree = BUILT_PRODUCTS_DIR; };
		90E7BE461B75AA1F00765728 /* Info.plist */ = {isa = PBXFileReference; lastKnownFileType = text.plist.xml; path = Info.plist; sourceTree = "<group>"; };
		90E7BE471B75AA1F00765728 /* OnTheMapTests.swift */ = {isa = PBXFileReference; lastKnownFileType = sourcecode.swift; path = OnTheMapTests.swift; sourceTree = "<group>"; };
		90E7BE541B75B0DD00765728 /* UdacityClient.swift */ = {isa = PBXFileReference; fileEncoding = 4; lastKnownFileType = sourcecode.swift; path = UdacityClient.swift; sourceTree = "<group>"; };
/* End PBXFileReference section */

/* Begin PBXFrameworksBuildPhase section */
		90E7BE291B75AA1E00765728 /* Frameworks */ = {
			isa = PBXFrameworksBuildPhase;
			buildActionMask = 2147483647;
			files = (
				90C1ED701B76D79200C8B10C /* MapKit.framework in Frameworks */,
			);
			runOnlyForDeploymentPostprocessing = 0;
		};
		90E7BE3E1B75AA1F00765728 /* Frameworks */ = {
			isa = PBXFrameworksBuildPhase;
			buildActionMask = 2147483647;
			files = (
			);
			runOnlyForDeploymentPostprocessing = 0;
		};
/* End PBXFrameworksBuildPhase section */

/* Begin PBXGroup section */
		90A170361B7C351B00E2D237 /* Frameworks */ = {
			isa = PBXGroup;
			children = (
				90C1ED6F1B76D79200C8B10C /* MapKit.framework */,
			);
			name = Frameworks;
			sourceTree = "<group>";
		};
		90E7BE231B75AA1E00765728 = {
			isa = PBXGroup;
			children = (
				90E7BE2E1B75AA1E00765728 /* OnTheMap */,
				90E7BE441B75AA1F00765728 /* OnTheMapTests */,
				90E7BE2D1B75AA1E00765728 /* Products */,
			);
			sourceTree = "<group>";
		};
		90E7BE2D1B75AA1E00765728 /* Products */ = {
			isa = PBXGroup;
			children = (
				90E7BE2C1B75AA1E00765728 /* OnTheMap.app */,
				90E7BE411B75AA1F00765728 /* OnTheMapTests.xctest */,
			);
			name = Products;
			sourceTree = "<group>";
		};
		90E7BE2E1B75AA1E00765728 /* OnTheMap */ = {
			isa = PBXGroup;
			children = (
				90E7BE311B75AA1F00765728 /* AppDelegate.swift */,
				90E7BE351B75AA1F00765728 /* Main.storyboard */,
				90E7BE531B75B0AB00765728 /* Model */,
				90E7BE511B75B08300765728 /* Controller */,
				90E7BE381B75AA1F00765728 /* Images.xcassets */,
				90A170361B7C351B00E2D237 /* Frameworks */,
				90E7BE3A1B75AA1F00765728 /* LaunchScreen.xib */,
				90E7BE2F1B75AA1E00765728 /* Supporting Files */,
			);
			path = OnTheMap;
			sourceTree = "<group>";
		};
		90E7BE2F1B75AA1E00765728 /* Supporting Files */ = {
			isa = PBXGroup;
			children = (
				90E7BE301B75AA1F00765728 /* Info.plist */,
			);
			name = "Supporting Files";
			sourceTree = "<group>";
		};
		90E7BE441B75AA1F00765728 /* OnTheMapTests */ = {
			isa = PBXGroup;
			children = (
				90E7BE471B75AA1F00765728 /* OnTheMapTests.swift */,
				90E7BE451B75AA1F00765728 /* Supporting Files */,
			);
			path = OnTheMapTests;
			sourceTree = "<group>";
		};
		90E7BE451B75AA1F00765728 /* Supporting Files */ = {
			isa = PBXGroup;
			children = (
				90E7BE461B75AA1F00765728 /* Info.plist */,
			);
			name = "Supporting Files";
			sourceTree = "<group>";
		};
		90E7BE511B75B08300765728 /* Controller */ = {
			isa = PBXGroup;
			children = (
				90E7BE331B75AA1F00765728 /* LoginViewController.swift */,
				90A170391B7C456B00E2D237 /* TabBarViewController.swift */,
				90DE7D171B76AA7F00B32986 /* MapViewController.swift */,
				90A170371B7C365000E2D237 /* TableViewController.swift */,
			);
			name = Controller;
			sourceTree = "<group>";
		};
		90E7BE531B75B0AB00765728 /* Model */ = {
			isa = PBXGroup;
			children = (
				90E7BE541B75B0DD00765728 /* UdacityClient.swift */,
				90728B901B768E700036A6E0 /* UdacityConstants.swift */,
				90C1ED711B76D9EE00C8B10C /* Student.swift */,
			);
			name = Model;
			path = ..;
			sourceTree = "<group>";
		};
/* End PBXGroup section */

/* Begin PBXNativeTarget section */
		90E7BE2B1B75AA1E00765728 /* OnTheMap */ = {
			isa = PBXNativeTarget;
			buildConfigurationList = 90E7BE4B1B75AA1F00765728 /* Build configuration list for PBXNativeTarget "OnTheMap" */;
			buildPhases = (
				90E7BE281B75AA1E00765728 /* Sources */,
				90E7BE291B75AA1E00765728 /* Frameworks */,
				90E7BE2A1B75AA1E00765728 /* Resources */,
			);
			buildRules = (
			);
			dependencies = (
			);
			name = OnTheMap;
			productName = OnTheMap;
			productReference = 90E7BE2C1B75AA1E00765728 /* OnTheMap.app */;
			productType = "com.apple.product-type.application";
		};
		90E7BE401B75AA1F00765728 /* OnTheMapTests */ = {
			isa = PBXNativeTarget;
			buildConfigurationList = 90E7BE4E1B75AA1F00765728 /* Build configuration list for PBXNativeTarget "OnTheMapTests" */;
			buildPhases = (
				90E7BE3D1B75AA1F00765728 /* Sources */,
				90E7BE3E1B75AA1F00765728 /* Frameworks */,
				90E7BE3F1B75AA1F00765728 /* Resources */,
			);
			buildRules = (
			);
			dependencies = (
				90E7BE431B75AA1F00765728 /* PBXTargetDependency */,
			);
			name = OnTheMapTests;
			productName = OnTheMapTests;
			productReference = 90E7BE411B75AA1F00765728 /* OnTheMapTests.xctest */;
			productType = "com.apple.product-type.bundle.unit-test";
		};
/* End PBXNativeTarget section */

/* Begin PBXProject section */
		90E7BE241B75AA1E00765728 /* Project object */ = {
			isa = PBXProject;
			attributes = {
				LastUpgradeCheck = 0640;
				ORGANIZATIONNAME = "Jonathan Kim";
				TargetAttributes = {
					90E7BE2B1B75AA1E00765728 = {
						CreatedOnToolsVersion = 6.4;
					};
					90E7BE401B75AA1F00765728 = {
						CreatedOnToolsVersion = 6.4;
						TestTargetID = 90E7BE2B1B75AA1E00765728;
					};
				};
			};
			buildConfigurationList = 90E7BE271B75AA1E00765728 /* Build configuration list for PBXProject "OnTheMap" */;
			compatibilityVersion = "Xcode 3.2";
			developmentRegion = English;
			hasScannedForEncodings = 0;
			knownRegions = (
				en,
				Base,
			);
			mainGroup = 90E7BE231B75AA1E00765728;
			productRefGroup = 90E7BE2D1B75AA1E00765728 /* Products */;
			projectDirPath = "";
			projectRoot = "";
			targets = (
				90E7BE2B1B75AA1E00765728 /* OnTheMap */,
				90E7BE401B75AA1F00765728 /* OnTheMapTests */,
			);
		};
/* End PBXProject section */

/* Begin PBXResourcesBuildPhase section */
		90E7BE2A1B75AA1E00765728 /* Resources */ = {
			isa = PBXResourcesBuildPhase;
			buildActionMask = 2147483647;
			files = (
				90E7BE371B75AA1F00765728 /* Main.storyboard in Resources */,
				90E7BE3C1B75AA1F00765728 /* LaunchScreen.xib in Resources */,
				90E7BE391B75AA1F00765728 /* Images.xcassets in Resources */,
			);
			runOnlyForDeploymentPostprocessing = 0;
		};
		90E7BE3F1B75AA1F00765728 /* Resources */ = {
			isa = PBXResourcesBuildPhase;
			buildActionMask = 2147483647;
			files = (
			);
			runOnlyForDeploymentPostprocessing = 0;
		};
/* End PBXResourcesBuildPhase section */

/* Begin PBXSourcesBuildPhase section */
		90E7BE281B75AA1E00765728 /* Sources */ = {
			isa = PBXSourcesBuildPhase;
			buildActionMask = 2147483647;
			files = (
				90A1703A1B7C456B00E2D237 /* TabBarViewController.swift in Sources */,
				90E7BE341B75AA1F00765728 /* LoginViewController.swift in Sources */,
				90A170381B7C365000E2D237 /* TableViewController.swift in Sources */,
				90C1ED721B76D9EE00C8B10C /* Student.swift in Sources */,
				90728B911B768E700036A6E0 /* UdacityConstants.swift in Sources */,
				90E7BE321B75AA1F00765728 /* AppDelegate.swift in Sources */,
				90DE7D181B76AA7F00B32986 /* MapViewController.swift in Sources */,
				90E7BE551B75B0DD00765728 /* UdacityClient.swift in Sources */,
			);
			runOnlyForDeploymentPostprocessing = 0;
		};
		90E7BE3D1B75AA1F00765728 /* Sources */ = {
			isa = PBXSourcesBuildPhase;
			buildActionMask = 2147483647;
			files = (
				90E7BE481B75AA1F00765728 /* OnTheMapTests.swift in Sources */,
			);
			runOnlyForDeploymentPostprocessing = 0;
		};
/* End PBXSourcesBuildPhase section */

/* Begin PBXTargetDependency section */
		90E7BE431B75AA1F00765728 /* PBXTargetDependency */ = {
			isa = PBXTargetDependency;
			target = 90E7BE2B1B75AA1E00765728 /* OnTheMap */;
			targetProxy = 90E7BE421B75AA1F00765728 /* PBXContainerItemProxy */;
		};
/* End PBXTargetDependency section */

/* Begin PBXVariantGroup section */
		90E7BE351B75AA1F00765728 /* Main.storyboard */ = {
			isa = PBXVariantGroup;
			children = (
				90E7BE361B75AA1F00765728 /* Base */,
			);
			name = Main.storyboard;
			sourceTree = "<group>";
		};
		90E7BE3A1B75AA1F00765728 /* LaunchScreen.xib */ = {
			isa = PBXVariantGroup;
			children = (
				90E7BE3B1B75AA1F00765728 /* Base */,
			);
			name = LaunchScreen.xib;
			sourceTree = "<group>";
		};
/* End PBXVariantGroup section */

/* Begin XCBuildConfiguration section */
		90E7BE491B75AA1F00765728 /* Debug */ = {
			isa = XCBuildConfiguration;
			buildSettings = {
				ALWAYS_SEARCH_USER_PATHS = NO;
				CLANG_CXX_LANGUAGE_STANDARD = "gnu++0x";
				CLANG_CXX_LIBRARY = "libc++";
				CLANG_ENABLE_MODULES = YES;
				CLANG_ENABLE_OBJC_ARC = YES;
				CLANG_WARN_BOOL_CONVERSION = YES;
				CLANG_WARN_CONSTANT_CONVERSION = YES;
				CLANG_WARN_DIRECT_OBJC_ISA_USAGE = YES_ERROR;
				CLANG_WARN_EMPTY_BODY = YES;
				CLANG_WARN_ENUM_CONVERSION = YES;
				CLANG_WARN_INT_CONVERSION = YES;
				CLANG_WARN_OBJC_ROOT_CLASS = YES_ERROR;
				CLANG_WARN_UNREACHABLE_CODE = YES;
				CLANG_WARN__DUPLICATE_METHOD_MATCH = YES;
				"CODE_SIGN_IDENTITY[sdk=iphoneos*]" = "iPhone Developer";
				COPY_PHASE_STRIP = NO;
				DEBUG_INFORMATION_FORMAT = "dwarf-with-dsym";
				ENABLE_STRICT_OBJC_MSGSEND = YES;
				GCC_C_LANGUAGE_STANDARD = gnu99;
				GCC_DYNAMIC_NO_PIC = NO;
				GCC_NO_COMMON_BLOCKS = YES;
				GCC_OPTIMIZATION_LEVEL = 0;
				GCC_PREPROCESSOR_DEFINITIONS = (
					"DEBUG=1",
					"$(inherited)",
				);
				GCC_SYMBOLS_PRIVATE_EXTERN = NO;
				GCC_WARN_64_TO_32_BIT_CONVERSION = YES;
				GCC_WARN_ABOUT_RETURN_TYPE = YES_ERROR;
				GCC_WARN_UNDECLARED_SELECTOR = YES;
				GCC_WARN_UNINITIALIZED_AUTOS = YES_AGGRESSIVE;
				GCC_WARN_UNUSED_FUNCTION = YES;
				GCC_WARN_UNUSED_VARIABLE = YES;
				IPHONEOS_DEPLOYMENT_TARGET = 8.4;
				MTL_ENABLE_DEBUG_INFO = YES;
				ONLY_ACTIVE_ARCH = YES;
				SDKROOT = iphoneos;
				SWIFT_OPTIMIZATION_LEVEL = "-Onone";
				TARGETED_DEVICE_FAMILY = "1,2";
			};
			name = Debug;
		};
		90E7BE4A1B75AA1F00765728 /* Release */ = {
			isa = XCBuildConfiguration;
			buildSettings = {
				ALWAYS_SEARCH_USER_PATHS = NO;
				CLANG_CXX_LANGUAGE_STANDARD = "gnu++0x";
				CLANG_CXX_LIBRARY = "libc++";
				CLANG_ENABLE_MODULES = YES;
				CLANG_ENABLE_OBJC_ARC = YES;
				CLANG_WARN_BOOL_CONVERSION = YES;
				CLANG_WARN_CONSTANT_CONVERSION = YES;
				CLANG_WARN_DIRECT_OBJC_ISA_USAGE = YES_ERROR;
				CLANG_WARN_EMPTY_BODY = YES;
				CLANG_WARN_ENUM_CONVERSION = YES;
				CLANG_WARN_INT_CONVERSION = YES;
				CLANG_WARN_OBJC_ROOT_CLASS = YES_ERROR;
				CLANG_WARN_UNREACHABLE_CODE = YES;
				CLANG_WARN__DUPLICATE_METHOD_MATCH = YES;
				"CODE_SIGN_IDENTITY[sdk=iphoneos*]" = "iPhone Developer";
				COPY_PHASE_STRIP = NO;
				DEBUG_INFORMATION_FORMAT = "dwarf-with-dsym";
				ENABLE_NS_ASSERTIONS = NO;
				ENABLE_STRICT_OBJC_MSGSEND = YES;
				GCC_C_LANGUAGE_STANDARD = gnu99;
				GCC_NO_COMMON_BLOCKS = YES;
				GCC_WARN_64_TO_32_BIT_CONVERSION = YES;
				GCC_WARN_ABOUT_RETURN_TYPE = YES_ERROR;
				GCC_WARN_UNDECLARED_SELECTOR = YES;
				GCC_WARN_UNINITIALIZED_AUTOS = YES_AGGRESSIVE;
				GCC_WARN_UNUSED_FUNCTION = YES;
				GCC_WARN_UNUSED_VARIABLE = YES;
				IPHONEOS_DEPLOYMENT_TARGET = 8.4;
				MTL_ENABLE_DEBUG_INFO = NO;
				SDKROOT = iphoneos;
				TARGETED_DEVICE_FAMILY = "1,2";
				VALIDATE_PRODUCT = YES;
			};
			name = Release;
		};
		90E7BE4C1B75AA1F00765728 /* Debug */ = {
			isa = XCBuildConfiguration;
			buildSettings = {
				ASSETCATALOG_COMPILER_APPICON_NAME = AppIcon;
				INFOPLIST_FILE = OnTheMap/Info.plist;
				LD_RUNPATH_SEARCH_PATHS = "$(inherited) @executable_path/Frameworks";
				PRODUCT_NAME = "$(TARGET_NAME)";
				TARGETED_DEVICE_FAMILY = 1;
			};
			name = Debug;
		};
		90E7BE4D1B75AA1F00765728 /* Release */ = {
			isa = XCBuildConfiguration;
			buildSettings = {
				ASSETCATALOG_COMPILER_APPICON_NAME = AppIcon;
				INFOPLIST_FILE = OnTheMap/Info.plist;
				LD_RUNPATH_SEARCH_PATHS = "$(inherited) @executable_path/Frameworks";
				PRODUCT_NAME = "$(TARGET_NAME)";
				TARGETED_DEVICE_FAMILY = 1;
			};
			name = Release;
		};
		90E7BE4F1B75AA1F00765728 /* Debug */ = {
			isa = XCBuildConfiguration;
			buildSettings = {
				BUNDLE_LOADER = "$(TEST_HOST)";
				FRAMEWORK_SEARCH_PATHS = (
					"$(SDKROOT)/Developer/Library/Frameworks",
					"$(inherited)",
				);
				GCC_PREPROCESSOR_DEFINITIONS = (
					"DEBUG=1",
					"$(inherited)",
				);
				INFOPLIST_FILE = OnTheMapTests/Info.plist;
				LD_RUNPATH_SEARCH_PATHS = "$(inherited) @executable_path/Frameworks @loader_path/Frameworks";
				PRODUCT_NAME = "$(TARGET_NAME)";
				TEST_HOST = "$(BUILT_PRODUCTS_DIR)/OnTheMap.app/OnTheMap";
			};
			name = Debug;
		};
		90E7BE501B75AA1F00765728 /* Release */ = {
			isa = XCBuildConfiguration;
			buildSettings = {
				BUNDLE_LOADER = "$(TEST_HOST)";
				FRAMEWORK_SEARCH_PATHS = (
					"$(SDKROOT)/Developer/Library/Frameworks",
					"$(inherited)",
				);
				INFOPLIST_FILE = OnTheMapTests/Info.plist;
				LD_RUNPATH_SEARCH_PATHS = "$(inherited) @executable_path/Frameworks @loader_path/Frameworks";
				PRODUCT_NAME = "$(TARGET_NAME)";
				TEST_HOST = "$(BUILT_PRODUCTS_DIR)/OnTheMap.app/OnTheMap";
			};
			name = Release;
		};
/* End XCBuildConfiguration section */

/* Begin XCConfigurationList section */
		90E7BE271B75AA1E00765728 /* Build configuration list for PBXProject "OnTheMap" */ = {
			isa = XCConfigurationList;
			buildConfigurations = (
				90E7BE491B75AA1F00765728 /* Debug */,
				90E7BE4A1B75AA1F00765728 /* Release */,
			);
			defaultConfigurationIsVisible = 0;
			defaultConfigurationName = Release;
		};
		90E7BE4B1B75AA1F00765728 /* Build configuration list for PBXNativeTarget "OnTheMap" */ = {
			isa = XCConfigurationList;
			buildConfigurations = (
				90E7BE4C1B75AA1F00765728 /* Debug */,
				90E7BE4D1B75AA1F00765728 /* Release */,
			);
			defaultConfigurationIsVisible = 0;
			defaultConfigurationName = Release;
		};
		90E7BE4E1B75AA1F00765728 /* Build configuration list for PBXNativeTarget "OnTheMapTests" */ = {
			isa = XCConfigurationList;
			buildConfigurations = (
				90E7BE4F1B75AA1F00765728 /* Debug */,
				90E7BE501B75AA1F00765728 /* Release */,
			);
			defaultConfigurationIsVisible = 0;
			defaultConfigurationName = Release;
		};
/* End XCConfigurationList section */
	};
	rootObject = 90E7BE241B75AA1E00765728 /* Project object */;
}
